
Microsoft Visual Studio Solution File, Format Version 12.00
# Visual Studio 15
VisualStudioVersion = 15.0.28010.2050
MinimumVisualStudioVersion = 10.0.40219.1
Project("{2150E333-8FDC-42A3-9474-1A3956D46DE8}") = "Simulation", "Simulation", "{03CC3656-FC73-487A-9076-3FF50025C119}"
EndProject
Project("{2150E333-8FDC-42A3-9474-1A3956D46DE8}") = "src", "src", "{9CA47A5A-57C2-43BD-A374-4A2206D086FA}"
EndProject
Project("{2150E333-8FDC-42A3-9474-1A3956D46DE8}") = "test", "test", "{284D5C1F-A0D9-47A1-BA92-658DCC754CA8}"
EndProject
Project("{FAE04EC0-301F-11D3-BF4B-00C04F79EFBC}") = "Simulator.Data", "Simulator\Simulation\src\Simulator.Data\Simulator.Data.csproj", "{C512FD2B-E141-401C-A55C-E993D017BBB0}"
EndProject
Project("{FAE04EC0-301F-11D3-BF4B-00C04F79EFBC}") = "Simulator.Data.TestUtil", "Simulator\Simulation\test\Simulator.Data.TestUtil\Simulator.Data.TestUtil.csproj", "{28A81F57-8057-4D63-9A1C-01D1B35A08AE}"
EndProject
Project("{FAE04EC0-301F-11D3-BF4B-00C04F79EFBC}") = "Simulator.Data.Test", "Simulator\Simulation\test\Simulator.Data.Test\Simulator.Data.Test.csproj", "{DF4D7881-9F4E-4112-83E7-C5A0C3008775}"
EndProject
Project("{FAE04EC0-301F-11D3-BF4B-00C04F79EFBC}") = "Simulator.Data.TestUtil.Test", "Simulator\Simulation\test\Simulator.Data.TestUtil.Test\Simulator.Data.TestUtil.Test.csproj", "{EDFC2014-DC68-4444-8827-FA7816A6F7A7}"
EndProject
Project("{FAE04EC0-301F-11D3-BF4B-00C04F79EFBC}") = "Simulator.Calculator.Test", "Simulator\Simulation\test\Simulator.Calculator.Test\Simulator.Calculator.Test.csproj", "{BE673503-B1BE-4046-AA09-430ED2D0C2D0}"
EndProject
Project("{FAE04EC0-301F-11D3-BF4B-00C04F79EFBC}") = "Simulator.Calculator", "Simulator\Simulation\src\Simulator.Calculator\Simulator.Calculator.csproj", "{CB3E4E86-F575-4D7F-ABB3-F655F1BBFA99}"
EndProject
Project("{2150E333-8FDC-42A3-9474-1A3956D46DE8}") = "Core", "Core", "{D5746E90-89D6-4B18-976E-D71AEE379166}"
EndProject
Project("{2150E333-8FDC-42A3-9474-1A3956D46DE8}") = "src", "src", "{21CEF108-F80F-46FC-A7F6-35E8C24B7B45}"
EndProject
Project("{2150E333-8FDC-42A3-9474-1A3956D46DE8}") = "test", "test", "{6447B32A-4471-4D2A-9C8B-6BF37E0975B1}"
EndProject
Project("{FAE04EC0-301F-11D3-BF4B-00C04F79EFBC}") = "Core.Common.Data.Test", "Simulator\Core\test\Core.Common.Data.Test\Core.Common.Data.Test.csproj", "{BC6876FA-CBDC-45D8-A5D8-E91E977CE2B6}"
EndProject
Project("{FAE04EC0-301F-11D3-BF4B-00C04F79EFBC}") = "Core.Common.Data", "Simulator\Core\src\Core.Common.Data\Core.Common.Data.csproj", "{BC4DA602-FAB8-4C71-9CD5-DCF08C85AB13}"
EndProject
Project("{FAE04EC0-301F-11D3-BF4B-00C04F79EFBC}") = "Core.Common.TestUtil", "Simulator\Core\test\Core.Common.TestUtil\Core.Common.TestUtil.csproj", "{F751B0AC-12E0-461B-93BD-3546B39E994B}"
EndProject
Project("{FAE04EC0-301F-11D3-BF4B-00C04F79EFBC}") = "Core.Common.Utils", "Simulator\Core\src\Core.Common.Utils\Core.Common.Utils.csproj", "{FBE1BAA4-10DC-4885-BD13-F84B09DDF897}"
EndProject
Project("{FAE04EC0-301F-11D3-BF4B-00C04F79EFBC}") = "Core.Common.Utils.Test", "Simulator\Core\test\Core.Common.Utils.Test\Core.Common.Utils.Test.csproj", "{05508E02-B58E-40B9-8C16-8A2DA1609D50}"
EndProject
Project("{FAE04EC0-301F-11D3-BF4B-00C04F79EFBC}") = "Core.Common.Geometry.Test", "Simulator\Core\test\Core.Common.Geometry.Test\Core.Common.Geometry.Test.csproj", "{FFE74257-080A-4018-AB3C-232CF9E82BAF}"
EndProject
Project("{FAE04EC0-301F-11D3-BF4B-00C04F79EFBC}") = "Core.Common.Geometry", "Simulator\Core\src\Core.Common.Geometry\Core.Common.Geometry.csproj", "{8E8752DA-B5A6-41FE-AB94-7F5CC15BB49B}"
EndProject
Project("{FAE04EC0-301F-11D3-BF4B-00C04F79EFBC}") = "Simulator.Components", "Simulator\Simulation\src\Simulator.Components\Simulator.Components.csproj", "{8F5FF824-68A1-4589-A573-52640DC985C9}"
EndProject
Project("{FAE04EC0-301F-11D3-BF4B-00C04F79EFBC}") = "Simulator.Components.Test", "Simulator\Simulation\test\Simulator.Components.Test\Simulator.Components.Test.csproj", "{9604B05D-EE59-4BFD-B3C2-D11560EDF8B5}"
EndProject
Project("{FAE04EC0-301F-11D3-BF4B-00C04F79EFBC}") = "Simulator.Kernel", "Simulator\Simulation\src\Simulator.Kernel\Simulator.Kernel.csproj", "{ECE0E8F4-4CD1-4E70-90A9-41A93429E91F}"
EndProject
Project("{FAE04EC0-301F-11D3-BF4B-00C04F79EFBC}") = "Simulator.Kernel.Test", "Simulator\Simulation\test\Simulator.Kernel.Test\Simulator.Kernel.Test.csproj", "{57850416-DBDF-4604-BC4A-E751A7CF014A}"
EndProject
Project("{2150E333-8FDC-42A3-9474-1A3956D46DE8}") = "Demo", "Demo", "{A214DBE9-2754-4BB3-B5CB-EC9D5CBC88AA}"
EndProject
Project("{FAE04EC0-301F-11D3-BF4B-00C04F79EFBC}") = "DemoConsoleApp", "DemoConsoleApp\DemoConsoleApp.csproj", "{4C63B55A-6CCA-4CD0-9820-8D29E895380D}"
EndProject
Project("{FAE04EC0-301F-11D3-BF4B-00C04F79EFBC}") = "Simulator.Kernel.Integration.Test", "Simulator\Simulation\test\Simulator.Kernel.Integration.Test\Simulator.Kernel.Integration.Test.csproj", "{E6D4E4A5-1602-452A-976C-E414FE793419}"
EndProject
Project("{FAE04EC0-301F-11D3-BF4B-00C04F79EFBC}") = "Core.Common.Version", "Simulator\Core\src\Core.Common.Version\Core.Common.Version.csproj", "{D7C9EF2B-0DBE-4D94-824A-83E0E9FB5DAC}"
EndProject
Project("{FAE04EC0-301F-11D3-BF4B-00C04F79EFBC}") = "Core.Common.Version.Test", "Simulator\Core\test\Core.Common.Version.Test\Core.Common.Version.Test.csproj", "{77316A77-C229-4885-8D0C-C74447EEF437}"
EndProject
Global
	GlobalSection(SolutionConfigurationPlatforms) = preSolution
		Debug|Any CPU = Debug|Any CPU
		Release|Any CPU = Release|Any CPU
	EndGlobalSection
	GlobalSection(ProjectConfigurationPlatforms) = postSolution
		{C512FD2B-E141-401C-A55C-E993D017BBB0}.Debug|Any CPU.ActiveCfg = Debug|Any CPU
		{C512FD2B-E141-401C-A55C-E993D017BBB0}.Debug|Any CPU.Build.0 = Debug|Any CPU
		{C512FD2B-E141-401C-A55C-E993D017BBB0}.Release|Any CPU.ActiveCfg = Release|Any CPU
		{C512FD2B-E141-401C-A55C-E993D017BBB0}.Release|Any CPU.Build.0 = Release|Any CPU
		{28A81F57-8057-4D63-9A1C-01D1B35A08AE}.Debug|Any CPU.ActiveCfg = Debug|Any CPU
		{28A81F57-8057-4D63-9A1C-01D1B35A08AE}.Debug|Any CPU.Build.0 = Debug|Any CPU
		{28A81F57-8057-4D63-9A1C-01D1B35A08AE}.Release|Any CPU.ActiveCfg = Release|Any CPU
		{28A81F57-8057-4D63-9A1C-01D1B35A08AE}.Release|Any CPU.Build.0 = Release|Any CPU
		{DF4D7881-9F4E-4112-83E7-C5A0C3008775}.Debug|Any CPU.ActiveCfg = Debug|Any CPU
		{DF4D7881-9F4E-4112-83E7-C5A0C3008775}.Debug|Any CPU.Build.0 = Debug|Any CPU
		{DF4D7881-9F4E-4112-83E7-C5A0C3008775}.Release|Any CPU.ActiveCfg = Release|Any CPU
		{DF4D7881-9F4E-4112-83E7-C5A0C3008775}.Release|Any CPU.Build.0 = Release|Any CPU
		{EDFC2014-DC68-4444-8827-FA7816A6F7A7}.Debug|Any CPU.ActiveCfg = Debug|Any CPU
		{EDFC2014-DC68-4444-8827-FA7816A6F7A7}.Debug|Any CPU.Build.0 = Debug|Any CPU
		{EDFC2014-DC68-4444-8827-FA7816A6F7A7}.Release|Any CPU.ActiveCfg = Release|Any CPU
		{EDFC2014-DC68-4444-8827-FA7816A6F7A7}.Release|Any CPU.Build.0 = Release|Any CPU
		{BE673503-B1BE-4046-AA09-430ED2D0C2D0}.Debug|Any CPU.ActiveCfg = Debug|Any CPU
		{BE673503-B1BE-4046-AA09-430ED2D0C2D0}.Debug|Any CPU.Build.0 = Debug|Any CPU
		{BE673503-B1BE-4046-AA09-430ED2D0C2D0}.Release|Any CPU.ActiveCfg = Release|Any CPU
		{BE673503-B1BE-4046-AA09-430ED2D0C2D0}.Release|Any CPU.Build.0 = Release|Any CPU
		{CB3E4E86-F575-4D7F-ABB3-F655F1BBFA99}.Debug|Any CPU.ActiveCfg = Debug|Any CPU
		{CB3E4E86-F575-4D7F-ABB3-F655F1BBFA99}.Debug|Any CPU.Build.0 = Debug|Any CPU
		{CB3E4E86-F575-4D7F-ABB3-F655F1BBFA99}.Release|Any CPU.ActiveCfg = Release|Any CPU
		{CB3E4E86-F575-4D7F-ABB3-F655F1BBFA99}.Release|Any CPU.Build.0 = Release|Any CPU
		{BC6876FA-CBDC-45D8-A5D8-E91E977CE2B6}.Debug|Any CPU.ActiveCfg = Debug|Any CPU
		{BC6876FA-CBDC-45D8-A5D8-E91E977CE2B6}.Debug|Any CPU.Build.0 = Debug|Any CPU
		{BC6876FA-CBDC-45D8-A5D8-E91E977CE2B6}.Release|Any CPU.ActiveCfg = Release|Any CPU
		{BC6876FA-CBDC-45D8-A5D8-E91E977CE2B6}.Release|Any CPU.Build.0 = Release|Any CPU
		{BC4DA602-FAB8-4C71-9CD5-DCF08C85AB13}.Debug|Any CPU.ActiveCfg = Debug|Any CPU
		{BC4DA602-FAB8-4C71-9CD5-DCF08C85AB13}.Debug|Any CPU.Build.0 = Debug|Any CPU
		{BC4DA602-FAB8-4C71-9CD5-DCF08C85AB13}.Release|Any CPU.ActiveCfg = Release|Any CPU
		{BC4DA602-FAB8-4C71-9CD5-DCF08C85AB13}.Release|Any CPU.Build.0 = Release|Any CPU
		{F751B0AC-12E0-461B-93BD-3546B39E994B}.Debug|Any CPU.ActiveCfg = Debug|Any CPU
		{F751B0AC-12E0-461B-93BD-3546B39E994B}.Debug|Any CPU.Build.0 = Debug|Any CPU
		{F751B0AC-12E0-461B-93BD-3546B39E994B}.Release|Any CPU.ActiveCfg = Release|Any CPU
		{F751B0AC-12E0-461B-93BD-3546B39E994B}.Release|Any CPU.Build.0 = Release|Any CPU
		{FBE1BAA4-10DC-4885-BD13-F84B09DDF897}.Debug|Any CPU.ActiveCfg = Debug|Any CPU
		{FBE1BAA4-10DC-4885-BD13-F84B09DDF897}.Debug|Any CPU.Build.0 = Debug|Any CPU
		{FBE1BAA4-10DC-4885-BD13-F84B09DDF897}.Release|Any CPU.ActiveCfg = Release|Any CPU
		{FBE1BAA4-10DC-4885-BD13-F84B09DDF897}.Release|Any CPU.Build.0 = Release|Any CPU
		{05508E02-B58E-40B9-8C16-8A2DA1609D50}.Debug|Any CPU.ActiveCfg = Debug|Any CPU
		{05508E02-B58E-40B9-8C16-8A2DA1609D50}.Debug|Any CPU.Build.0 = Debug|Any CPU
		{05508E02-B58E-40B9-8C16-8A2DA1609D50}.Release|Any CPU.ActiveCfg = Release|Any CPU
		{05508E02-B58E-40B9-8C16-8A2DA1609D50}.Release|Any CPU.Build.0 = Release|Any CPU
		{FFE74257-080A-4018-AB3C-232CF9E82BAF}.Debug|Any CPU.ActiveCfg = Debug|Any CPU
		{FFE74257-080A-4018-AB3C-232CF9E82BAF}.Debug|Any CPU.Build.0 = Debug|Any CPU
		{FFE74257-080A-4018-AB3C-232CF9E82BAF}.Release|Any CPU.ActiveCfg = Release|Any CPU
		{FFE74257-080A-4018-AB3C-232CF9E82BAF}.Release|Any CPU.Build.0 = Release|Any CPU
		{8E8752DA-B5A6-41FE-AB94-7F5CC15BB49B}.Debug|Any CPU.ActiveCfg = Debug|Any CPU
		{8E8752DA-B5A6-41FE-AB94-7F5CC15BB49B}.Debug|Any CPU.Build.0 = Debug|Any CPU
		{8E8752DA-B5A6-41FE-AB94-7F5CC15BB49B}.Release|Any CPU.ActiveCfg = Release|Any CPU
		{8E8752DA-B5A6-41FE-AB94-7F5CC15BB49B}.Release|Any CPU.Build.0 = Release|Any CPU
		{8F5FF824-68A1-4589-A573-52640DC985C9}.Debug|Any CPU.ActiveCfg = Debug|Any CPU
		{8F5FF824-68A1-4589-A573-52640DC985C9}.Debug|Any CPU.Build.0 = Debug|Any CPU
		{8F5FF824-68A1-4589-A573-52640DC985C9}.Release|Any CPU.ActiveCfg = Release|Any CPU
		{8F5FF824-68A1-4589-A573-52640DC985C9}.Release|Any CPU.Build.0 = Release|Any CPU
		{9604B05D-EE59-4BFD-B3C2-D11560EDF8B5}.Debug|Any CPU.ActiveCfg = Debug|Any CPU
		{9604B05D-EE59-4BFD-B3C2-D11560EDF8B5}.Debug|Any CPU.Build.0 = Debug|Any CPU
		{9604B05D-EE59-4BFD-B3C2-D11560EDF8B5}.Release|Any CPU.ActiveCfg = Release|Any CPU
		{9604B05D-EE59-4BFD-B3C2-D11560EDF8B5}.Release|Any CPU.Build.0 = Release|Any CPU
		{ECE0E8F4-4CD1-4E70-90A9-41A93429E91F}.Debug|Any CPU.ActiveCfg = Debug|Any CPU
		{ECE0E8F4-4CD1-4E70-90A9-41A93429E91F}.Debug|Any CPU.Build.0 = Debug|Any CPU
		{ECE0E8F4-4CD1-4E70-90A9-41A93429E91F}.Release|Any CPU.ActiveCfg = Release|Any CPU
		{ECE0E8F4-4CD1-4E70-90A9-41A93429E91F}.Release|Any CPU.Build.0 = Release|Any CPU
		{57850416-DBDF-4604-BC4A-E751A7CF014A}.Debug|Any CPU.ActiveCfg = Debug|Any CPU
		{57850416-DBDF-4604-BC4A-E751A7CF014A}.Debug|Any CPU.Build.0 = Debug|Any CPU
		{57850416-DBDF-4604-BC4A-E751A7CF014A}.Release|Any CPU.ActiveCfg = Release|Any CPU
		{57850416-DBDF-4604-BC4A-E751A7CF014A}.Release|Any CPU.Build.0 = Release|Any CPU
		{4C63B55A-6CCA-4CD0-9820-8D29E895380D}.Debug|Any CPU.ActiveCfg = Debug|Any CPU
		{4C63B55A-6CCA-4CD0-9820-8D29E895380D}.Debug|Any CPU.Build.0 = Debug|Any CPU
		{4C63B55A-6CCA-4CD0-9820-8D29E895380D}.Release|Any CPU.ActiveCfg = Release|Any CPU
		{4C63B55A-6CCA-4CD0-9820-8D29E895380D}.Release|Any CPU.Build.0 = Release|Any CPU
		{E6D4E4A5-1602-452A-976C-E414FE793419}.Debug|Any CPU.ActiveCfg = Debug|Any CPU
		{E6D4E4A5-1602-452A-976C-E414FE793419}.Debug|Any CPU.Build.0 = Debug|Any CPU
		{E6D4E4A5-1602-452A-976C-E414FE793419}.Release|Any CPU.ActiveCfg = Release|Any CPU
		{E6D4E4A5-1602-452A-976C-E414FE793419}.Release|Any CPU.Build.0 = Release|Any CPU
		{D7C9EF2B-0DBE-4D94-824A-83E0E9FB5DAC}.Debug|Any CPU.ActiveCfg = Debug|Any CPU
		{D7C9EF2B-0DBE-4D94-824A-83E0E9FB5DAC}.Debug|Any CPU.Build.0 = Debug|Any CPU
		{D7C9EF2B-0DBE-4D94-824A-83E0E9FB5DAC}.Release|Any CPU.ActiveCfg = Release|Any CPU
		{D7C9EF2B-0DBE-4D94-824A-83E0E9FB5DAC}.Release|Any CPU.Build.0 = Release|Any CPU
		{77316A77-C229-4885-8D0C-C74447EEF437}.Debug|Any CPU.ActiveCfg = Debug|Any CPU
		{77316A77-C229-4885-8D0C-C74447EEF437}.Debug|Any CPU.Build.0 = Debug|Any CPU
		{77316A77-C229-4885-8D0C-C74447EEF437}.Release|Any CPU.ActiveCfg = Release|Any CPU
		{77316A77-C229-4885-8D0C-C74447EEF437}.Release|Any CPU.Build.0 = Release|Any CPU
	EndGlobalSection
	GlobalSection(SolutionProperties) = preSolution
		HideSolutionNode = FALSE
	EndGlobalSection
	GlobalSection(NestedProjects) = preSolution
		{9CA47A5A-57C2-43BD-A374-4A2206D086FA} = {03CC3656-FC73-487A-9076-3FF50025C119}
		{284D5C1F-A0D9-47A1-BA92-658DCC754CA8} = {03CC3656-FC73-487A-9076-3FF50025C119}
		{C512FD2B-E141-401C-A55C-E993D017BBB0} = {9CA47A5A-57C2-43BD-A374-4A2206D086FA}
		{28A81F57-8057-4D63-9A1C-01D1B35A08AE} = {284D5C1F-A0D9-47A1-BA92-658DCC754CA8}
		{DF4D7881-9F4E-4112-83E7-C5A0C3008775} = {284D5C1F-A0D9-47A1-BA92-658DCC754CA8}
		{EDFC2014-DC68-4444-8827-FA7816A6F7A7} = {284D5C1F-A0D9-47A1-BA92-658DCC754CA8}
		{BE673503-B1BE-4046-AA09-430ED2D0C2D0} = {284D5C1F-A0D9-47A1-BA92-658DCC754CA8}
		{CB3E4E86-F575-4D7F-ABB3-F655F1BBFA99} = {9CA47A5A-57C2-43BD-A374-4A2206D086FA}
		{21CEF108-F80F-46FC-A7F6-35E8C24B7B45} = {D5746E90-89D6-4B18-976E-D71AEE379166}
		{6447B32A-4471-4D2A-9C8B-6BF37E0975B1} = {D5746E90-89D6-4B18-976E-D71AEE379166}
		{BC6876FA-CBDC-45D8-A5D8-E91E977CE2B6} = {6447B32A-4471-4D2A-9C8B-6BF37E0975B1}
		{BC4DA602-FAB8-4C71-9CD5-DCF08C85AB13} = {21CEF108-F80F-46FC-A7F6-35E8C24B7B45}
		{F751B0AC-12E0-461B-93BD-3546B39E994B} = {6447B32A-4471-4D2A-9C8B-6BF37E0975B1}
		{FBE1BAA4-10DC-4885-BD13-F84B09DDF897} = {21CEF108-F80F-46FC-A7F6-35E8C24B7B45}
		{05508E02-B58E-40B9-8C16-8A2DA1609D50} = {6447B32A-4471-4D2A-9C8B-6BF37E0975B1}
		{FFE74257-080A-4018-AB3C-232CF9E82BAF} = {6447B32A-4471-4D2A-9C8B-6BF37E0975B1}
		{8E8752DA-B5A6-41FE-AB94-7F5CC15BB49B} = {21CEF108-F80F-46FC-A7F6-35E8C24B7B45}
		{8F5FF824-68A1-4589-A573-52640DC985C9} = {9CA47A5A-57C2-43BD-A374-4A2206D086FA}
		{9604B05D-EE59-4BFD-B3C2-D11560EDF8B5} = {284D5C1F-A0D9-47A1-BA92-658DCC754CA8}
		{ECE0E8F4-4CD1-4E70-90A9-41A93429E91F} = {9CA47A5A-57C2-43BD-A374-4A2206D086FA}
		{57850416-DBDF-4604-BC4A-E751A7CF014A} = {284D5C1F-A0D9-47A1-BA92-658DCC754CA8}
		{4C63B55A-6CCA-4CD0-9820-8D29E895380D} = {A214DBE9-2754-4BB3-B5CB-EC9D5CBC88AA}
		{E6D4E4A5-1602-452A-976C-E414FE793419} = {284D5C1F-A0D9-47A1-BA92-658DCC754CA8}
		{D7C9EF2B-0DBE-4D94-824A-83E0E9FB5DAC} = {21CEF108-F80F-46FC-A7F6-35E8C24B7B45}
		{77316A77-C229-4885-8D0C-C74447EEF437} = {6447B32A-4471-4D2A-9C8B-6BF37E0975B1}
	EndGlobalSection
	GlobalSection(ExtensibilityGlobals) = postSolution
		SolutionGuid = {57FB13EF-9969-4D13-B4C1-FDDF859E81F3}
	EndGlobalSection
EndGlobal
