
Microsoft Visual Studio Solution File, Format Version 12.00
# Visual Studio 15
VisualStudioVersion = 15.0.28010.2050
MinimumVisualStudioVersion = 10.0.40219.1
Project("{2150E333-8FDC-42A3-9474-1A3956D46DE8}") = "Simulation", "Simulation", "{03CC3656-FC73-487A-9076-3FF50025C119}"
EndProject
Project("{2150E333-8FDC-42A3-9474-1A3956D46DE8}") = "src", "src", "{9CA47A5A-57C2-43BD-A374-4A2206D086FA}"
EndProject
Project("{2150E333-8FDC-42A3-9474-1A3956D46DE8}") = "test", "test", "{284D5C1F-A0D9-47A1-BA92-658DCC754CA8}"
EndProject
Project("{FAE04EC0-301F-11D3-BF4B-00C04F79EFBC}") = "Simulator.Data", "Simulator\Simulation\src\Simulator.Data\Simulator.Data.csproj", "{C512FD2B-E141-401C-A55C-E993D017BBB0}"
EndProject
Project("{FAE04EC0-301F-11D3-BF4B-00C04F79EFBC}") = "Simulator.Data.TestUtil", "Simulator\Simulation\test\Simulator.Data.TestUtil\Simulator.Data.TestUtil.csproj", "{28A81F57-8057-4D63-9A1C-01D1B35A08AE}"
EndProject
Project("{FAE04EC0-301F-11D3-BF4B-00C04F79EFBC}") = "Simulator.Data.Test", "Simulator\Simulation\test\Simulator.Data.Test\Simulator.Data.Test.csproj", "{DF4D7881-9F4E-4112-83E7-C5A0C3008775}"
EndProject
Project("{FAE04EC0-301F-11D3-BF4B-00C04F79EFBC}") = "Simulator.Data.TestUtil.Test", "Simulator\Simulation\test\Simulator.Data.TestUtil.Test\Simulator.Data.TestUtil.Test.csproj", "{EDFC2014-DC68-4444-8827-FA7816A6F7A7}"
EndProject
Project("{FAE04EC0-301F-11D3-BF4B-00C04F79EFBC}") = "Simulator.Calculator.Test", "Simulator\Simulation\test\Simulator.Calculator.Test\Simulator.Calculator.Test.csproj", "{BE673503-B1BE-4046-AA09-430ED2D0C2D0}"
EndProject
Global
	GlobalSection(SolutionConfigurationPlatforms) = preSolution
		Debug|Any CPU = Debug|Any CPU
		Release|Any CPU = Release|Any CPU
	EndGlobalSection
	GlobalSection(ProjectConfigurationPlatforms) = postSolution
		{C512FD2B-E141-401C-A55C-E993D017BBB0}.Debug|Any CPU.ActiveCfg = Debug|Any CPU
		{C512FD2B-E141-401C-A55C-E993D017BBB0}.Debug|Any CPU.Build.0 = Debug|Any CPU
		{C512FD2B-E141-401C-A55C-E993D017BBB0}.Release|Any CPU.ActiveCfg = Release|Any CPU
		{C512FD2B-E141-401C-A55C-E993D017BBB0}.Release|Any CPU.Build.0 = Release|Any CPU
		{28A81F57-8057-4D63-9A1C-01D1B35A08AE}.Debug|Any CPU.ActiveCfg = Debug|Any CPU
		{28A81F57-8057-4D63-9A1C-01D1B35A08AE}.Debug|Any CPU.Build.0 = Debug|Any CPU
		{28A81F57-8057-4D63-9A1C-01D1B35A08AE}.Release|Any CPU.ActiveCfg = Release|Any CPU
		{28A81F57-8057-4D63-9A1C-01D1B35A08AE}.Release|Any CPU.Build.0 = Release|Any CPU
		{DF4D7881-9F4E-4112-83E7-C5A0C3008775}.Debug|Any CPU.ActiveCfg = Debug|Any CPU
		{DF4D7881-9F4E-4112-83E7-C5A0C3008775}.Debug|Any CPU.Build.0 = Debug|Any CPU
		{DF4D7881-9F4E-4112-83E7-C5A0C3008775}.Release|Any CPU.ActiveCfg = Release|Any CPU
		{DF4D7881-9F4E-4112-83E7-C5A0C3008775}.Release|Any CPU.Build.0 = Release|Any CPU
		{EDFC2014-DC68-4444-8827-FA7816A6F7A7}.Debug|Any CPU.ActiveCfg = Debug|Any CPU
		{EDFC2014-DC68-4444-8827-FA7816A6F7A7}.Debug|Any CPU.Build.0 = Debug|Any CPU
		{EDFC2014-DC68-4444-8827-FA7816A6F7A7}.Release|Any CPU.ActiveCfg = Release|Any CPU
		{EDFC2014-DC68-4444-8827-FA7816A6F7A7}.Release|Any CPU.Build.0 = Release|Any CPU
		{BE673503-B1BE-4046-AA09-430ED2D0C2D0}.Debug|Any CPU.ActiveCfg = Debug|Any CPU
		{BE673503-B1BE-4046-AA09-430ED2D0C2D0}.Debug|Any CPU.Build.0 = Debug|Any CPU
		{BE673503-B1BE-4046-AA09-430ED2D0C2D0}.Release|Any CPU.ActiveCfg = Release|Any CPU
		{BE673503-B1BE-4046-AA09-430ED2D0C2D0}.Release|Any CPU.Build.0 = Release|Any CPU
	EndGlobalSection
	GlobalSection(SolutionProperties) = preSolution
		HideSolutionNode = FALSE
	EndGlobalSection
	GlobalSection(NestedProjects) = preSolution
		{9CA47A5A-57C2-43BD-A374-4A2206D086FA} = {03CC3656-FC73-487A-9076-3FF50025C119}
		{284D5C1F-A0D9-47A1-BA92-658DCC754CA8} = {03CC3656-FC73-487A-9076-3FF50025C119}
		{C512FD2B-E141-401C-A55C-E993D017BBB0} = {9CA47A5A-57C2-43BD-A374-4A2206D086FA}
		{28A81F57-8057-4D63-9A1C-01D1B35A08AE} = {284D5C1F-A0D9-47A1-BA92-658DCC754CA8}
		{DF4D7881-9F4E-4112-83E7-C5A0C3008775} = {284D5C1F-A0D9-47A1-BA92-658DCC754CA8}
		{EDFC2014-DC68-4444-8827-FA7816A6F7A7} = {284D5C1F-A0D9-47A1-BA92-658DCC754CA8}
		{BE673503-B1BE-4046-AA09-430ED2D0C2D0} = {284D5C1F-A0D9-47A1-BA92-658DCC754CA8}
	EndGlobalSection
	GlobalSection(ExtensibilityGlobals) = postSolution
		SolutionGuid = {57FB13EF-9969-4D13-B4C1-FDDF859E81F3}
	EndGlobalSection
EndGlobal
